
Microsoft Visual Studio Solution File, Format Version 12.00
# Visual Studio 15
VisualStudioVersion = 15.0.28307.271
MinimumVisualStudioVersion = 10.0.40219.1
Project("{FAE04EC0-301F-11D3-BF4B-00C04F79EFBC}") = "ImprisonTheCursor", "ImprisonTheCursor\ImprisonTheCursor.csproj", "{B793C4CA-0A43-41B1-BFE8-4DE6D42F36C9}"
EndProject
Global
	GlobalSection(SolutionConfigurationPlatforms) = preSolution
		Debug|Any CPU = Debug|Any CPU
		Release|Any CPU = Release|Any CPU
	EndGlobalSection
	GlobalSection(ProjectConfigurationPlatforms) = postSolution
		{B793C4CA-0A43-41B1-BFE8-4DE6D42F36C9}.Debug|Any CPU.ActiveCfg = Debug|Any CPU
		{B793C4CA-0A43-41B1-BFE8-4DE6D42F36C9}.Debug|Any CPU.Build.0 = Debug|Any CPU
		{B793C4CA-0A43-41B1-BFE8-4DE6D42F36C9}.Release|Any CPU.ActiveCfg = Release|Any CPU
		{B793C4CA-0A43-41B1-BFE8-4DE6D42F36C9}.Release|Any CPU.Build.0 = Release|Any CPU
	EndGlobalSection
	GlobalSection(SolutionProperties) = preSolution
		HideSolutionNode = FALSE
	EndGlobalSection
	GlobalSection(ExtensibilityGlobals) = postSolution
		SolutionGuid = {F23A5F42-0E51-436E-B31B-F7257EC86AAD}
	EndGlobalSection
EndGlobal
